
Microsoft Visual Studio Solution File, Format Version 12.00
# Visual Studio 16
Project("{FAE04EC0-301F-11D3-BF4B-00C04F79EFBC}") = "Assembly-CSharp", "Assembly-CSharp.csproj", "{7666C5B3-1667-8114-0368-648206C932CE}"
EndProject
Global
	GlobalSection(SolutionConfigurationPlatforms) = preSolution
		Debug|Any CPU = Debug|Any CPU
		Release|Any CPU = Release|Any CPU
	EndGlobalSection
	GlobalSection(ProjectConfigurationPlatforms) = postSolution
		{7666C5B3-1667-8114-0368-648206C932CE}.Debug|Any CPU.ActiveCfg = Debug|Any CPU
		{7666C5B3-1667-8114-0368-648206C932CE}.Debug|Any CPU.Build.0 = Debug|Any CPU
		{7666C5B3-1667-8114-0368-648206C932CE}.Release|Any CPU.ActiveCfg = Release|Any CPU
		{7666C5B3-1667-8114-0368-648206C932CE}.Release|Any CPU.Build.0 = Release|Any CPU
	EndGlobalSection
	GlobalSection(SolutionProperties) = preSolution
		HideSolutionNode = FALSE
	EndGlobalSection
EndGlobal
